# This file is autogenerated, do not edit; changes may be undone by the next 'dep ensure'.


[[projects]]
  digest = "1:6a85735e098cf9edd7bcf3bd6e68c556eef2c17065650548b9390a200c675584"
  name = "github.com/go-logr/logr"
  packages = ["."]
  pruneopts = "UT"
  revision = "d18fcbf02861580d05a1f23601145b272c4e7b4b"
  version = "v0.2.0"

[[projects]]
  digest = "1:456f515a80bcc5c5d99beaee2dcb0d0598b6d4d02df804ac958f0e6e51d8e8d5"
  name = "github.com/go-redis/redis"
  packages = [
    ".",
    "internal",
    "internal/consistenthash",
    "internal/hashtag",
    "internal/pool",
    "internal/proto",
    "internal/util",
  ]
  pruneopts = "UT"
  revision = "16ab0f2ac309166bfef5cde51742f84c61c1e73c"
  version = "v6.15.9"

[[projects]]
  digest = "1:4d56b52eca9b48ee2b6a83399f2ac292f4d19ecdcd4b7e4f1074489fea2c5426"
  name = "k8s.io/klog"
  packages = ["."]
  pruneopts = "UT"
  revision = "b5c3182dac44f851522e32c97c86ac32755c296d"
  version = "v2.3.0"

[solve-meta]
  analyzer-name = "dep"
  analyzer-version = 1
  input-imports = [
    "github.com/go-redis/redis",
    "k8s.io/klog",
  ]
  solver-name = "gps-cdcl"
  solver-version = 1
